Microsoft Visual Studio Solution File, Format Version 12.00
# Visual Studio Version 18
VisualStudioVersion = 18.7.11903.348 stable
MinimumVisualStudioVersion = 10.0.40219.1
Project("{2150E333-8FDC-42A3-9474-1A3956D46DE8}") = "src", "src", "{02EA681E-C7D8-13C7-8484-4AC65E1B71E8}"
EndProject
Project("{2150E333-8FDC-42A3-9474-1A3956D46DE8}") = "tests", "tests", "{77DF2985-AD7D-4FD4-A76B-B348C79C03AE}"
EndProject
Project("{2150E333-8FDC-42A3-9474-1A3956D46DE8}") = "Backend", "Backend", "{9A5DA04B-E25A-4983-9A9A-F248A875297F}"
EndProject
Project("{2150E333-8FDC-42A3-9474-1A3956D46DE8}") = "Shared", "Shared", "{904C8383-A6DF-4635-8ECD-111F9D06A8F3}"
EndProject
Project("{FAE04EC0-301F-11D3-BF4B-00C04F79EFBC}") = "FfkApi.API", "src\Backend\FfkApi.API\FfkApi.API.csproj", "{7FD131DA-4117-4D50-BF82-1A87D782F0B2}"
EndProject
Project("{FAE04EC0-301F-11D3-BF4B-00C04F79EFBC}") = "FfkApi.Application", "src\Backend\FfkApi.Application\FfkApi.Application.csproj", "{5A64A6CC-380F-44A8-A462-54624754C875}"
EndProject
Project("{FAE04EC0-301F-11D3-BF4B-00C04F79EFBC}") = "FfkApi.Domain", "src\Backend\FfkApi.Domain\FfkApi.Domain.csproj", "{6B7CC984-AAEB-45D7-AA18-A9BAFFD04542}"
EndProject
Project("{FAE04EC0-301F-11D3-BF4B-00C04F79EFBC}") = "FfkApi.Infrastructure", "src\Backend\FfkApi.Infrastructure\FfkApi.Infrastructure.csproj", "{4A2FC398-32BF-491F-99F7-69213AD0E0CF}"
EndProject
Project("{FAE04EC0-301F-11D3-BF4B-00C04F79EFBC}") = "FfkApi.Communication", "src\Shared\FfkApi.Communication\FfkApi.Communication.csproj", "{4F8DC114-2A08-41A2-A741-6B69FF6488E3}"
EndProject
Project("{FAE04EC0-301F-11D3-BF4B-00C04F79EFBC}") = "FfkApi.Exceptions", "src\Shared\FfkApi.Exceptions\FfkApi.Exceptions.csproj", "{59B154D9-6CE5-4CF8-BFFC-E724D8CCD152}"
EndProject
Project("{FAE04EC0-301F-11D3-BF4B-00C04F79EFBC}") = "TestUtil", "tests\TestUtil\TestUtil.csproj", "{49F30793-64AB-49AF-BD43-9E770FEBC316}"
EndProject
Project("{FAE04EC0-301F-11D3-BF4B-00C04F79EFBC}") = "UnidadeUseCases.Test", "tests\UseCases.Test\UnidadeUseCases.Test.csproj", "{F7956EA5-8F6A-43C8-B4B7-3F16581CB356}"
EndProject
Project("{FAE04EC0-301F-11D3-BF4B-00C04F79EFBC}") = "UnidadeValidators.Test", "tests\Validators.Test\UnidadeValidators.Test.csproj", "{20D0D6F5-A0C4-401D-A05F-2EE9D4563741}"
EndProject
Project("{FAE04EC0-301F-11D3-BF4B-00C04F79EFBC}") = "Integracao.Test", "tests\WebApi.Test\Integracao.Test.csproj", "{90E401F2-0FD5-45DF-A8DD-A4DB99BDD811}"
EndProject
Project("{FAE04EC0-301F-11D3-BF4B-00C04F79EFBC}") = "Aceitacao.Test", "tests\E2E.Test\Aceitacao.Test.csproj", "{E5F721C6-E63F-04EC-A1DD-C26D42DA0A71}"
EndProject
Project("{FAE04EC0-301F-11D3-BF4B-00C04F79EFBC}") = "FfkApi.Initialization", "src\Backend\FfkApi.Initialization\FfkApi.Initialization.csproj", "{45D6217D-D200-411B-995D-C7E6B9A8BD84}"
EndProject
Project("{2150E333-8FDC-42A3-9474-1A3956D46DE8}") = "gerador", "gerador", "{949B6348-7E91-431D-8CF2-1EBB553C540F}"
EndProject
Project("{FAE04EC0-301F-11D3-BF4B-00C04F79EFBC}") = "GeradorDeCodigo", "gerador\GeradorDeCodigo\GeradorDeCodigo.csproj", "{18F5364D-8103-4ADD-A8CD-31713CE69EBE}"
EndProject
Project("{2150E333-8FDC-42A3-9474-1A3956D46DE8}") = "Solution Items", "Solution Items", "{65516FC5-AE22-4330-B616-B67FC5339773}"
	ProjectSection(SolutionItems) = preProject
		CLAUDE.md = CLAUDE.md
	EndProjectSection
EndProject
Global
	GlobalSection(SolutionConfigurationPlatforms) = preSolution
		Debug|Any CPU = Debug|Any CPU
		Release|Any CPU = Release|Any CPU
	EndGlobalSection
	GlobalSection(ProjectConfigurationPlatforms) = postSolution
		{7FD131DA-4117-4D50-BF82-1A87D782F0B2}.Debug|Any CPU.ActiveCfg = Debug|Any CPU
		{7FD131DA-4117-4D50-BF82-1A87D782F0B2}.Debug|Any CPU.Build.0 = Debug|Any CPU
		{7FD131DA-4117-4D50-BF82-1A87D782F0B2}.Release|Any CPU.ActiveCfg = Release|Any CPU
		{7FD131DA-4117-4D50-BF82-1A87D782F0B2}.Release|Any CPU.Build.0 = Release|Any CPU
		{5A64A6CC-380F-44A8-A462-54624754C875}.Debug|Any CPU.ActiveCfg = Debug|Any CPU
		{5A64A6CC-380F-44A8-A462-54624754C875}.Debug|Any CPU.Build.0 = Debug|Any CPU
		{5A64A6CC-380F-44A8-A462-54624754C875}.Release|Any CPU.ActiveCfg = Release|Any CPU
		{5A64A6CC-380F-44A8-A462-54624754C875}.Release|Any CPU.Build.0 = Release|Any CPU
		{6B7CC984-AAEB-45D7-AA18-A9BAFFD04542}.Debug|Any CPU.ActiveCfg = Debug|Any CPU
		{6B7CC984-AAEB-45D7-AA18-A9BAFFD04542}.Debug|Any CPU.Build.0 = Debug|Any CPU
		{6B7CC984-AAEB-45D7-AA18-A9BAFFD04542}.Release|Any CPU.ActiveCfg = Release|Any CPU
		{6B7CC984-AAEB-45D7-AA18-A9BAFFD04542}.Release|Any CPU.Build.0 = Release|Any CPU
		{4A2FC398-32BF-491F-99F7-69213AD0E0CF}.Debug|Any CPU.ActiveCfg = Debug|Any CPU
		{4A2FC398-32BF-491F-99F7-69213AD0E0CF}.Debug|Any CPU.Build.0 = Debug|Any CPU
		{4A2FC398-32BF-491F-99F7-69213AD0E0CF}.Release|Any CPU.ActiveCfg = Release|Any CPU
		{4A2FC398-32BF-491F-99F7-69213AD0E0CF}.Release|Any CPU.Build.0 = Release|Any CPU
		{4F8DC114-2A08-41A2-A741-6B69FF6488E3}.Debug|Any CPU.ActiveCfg = Debug|Any CPU
		{4F8DC114-2A08-41A2-A741-6B69FF6488E3}.Debug|Any CPU.Build.0 = Debug|Any CPU
		{4F8DC114-2A08-41A2-A741-6B69FF6488E3}.Release|Any CPU.ActiveCfg = Release|Any CPU
		{4F8DC114-2A08-41A2-A741-6B69FF6488E3}.Release|Any CPU.Build.0 = Release|Any CPU
		{59B154D9-6CE5-4CF8-BFFC-E724D8CCD152}.Debug|Any CPU.ActiveCfg = Debug|Any CPU
		{59B154D9-6CE5-4CF8-BFFC-E724D8CCD152}.Debug|Any CPU.Build.0 = Debug|Any CPU
		{59B154D9-6CE5-4CF8-BFFC-E724D8CCD152}.Release|Any CPU.ActiveCfg = Release|Any CPU
		{59B154D9-6CE5-4CF8-BFFC-E724D8CCD152}.Release|Any CPU.Build.0 = Release|Any CPU
		{49F30793-64AB-49AF-BD43-9E770FEBC316}.Debug|Any CPU.ActiveCfg = Debug|Any CPU
		{49F30793-64AB-49AF-BD43-9E770FEBC316}.Debug|Any CPU.Build.0 = Debug|Any CPU
		{49F30793-64AB-49AF-BD43-9E770FEBC316}.Release|Any CPU.ActiveCfg = Release|Any CPU
		{49F30793-64AB-49AF-BD43-9E770FEBC316}.Release|Any CPU.Build.0 = Release|Any CPU
		{F7956EA5-8F6A-43C8-B4B7-3F16581CB356}.Debug|Any CPU.ActiveCfg = Debug|Any CPU
		{F7956EA5-8F6A-43C8-B4B7-3F16581CB356}.Debug|Any CPU.Build.0 = Debug|Any CPU
		{F7956EA5-8F6A-43C8-B4B7-3F16581CB356}.Release|Any CPU.ActiveCfg = Release|Any CPU
		{F7956EA5-8F6A-43C8-B4B7-3F16581CB356}.Release|Any CPU.Build.0 = Release|Any CPU
		{20D0D6F5-A0C4-401D-A05F-2EE9D4563741}.Debug|Any CPU.ActiveCfg = Debug|Any CPU
		{20D0D6F5-A0C4-401D-A05F-2EE9D4563741}.Debug|Any CPU.Build.0 = Debug|Any CPU
		{20D0D6F5-A0C4-401D-A05F-2EE9D4563741}.Release|Any CPU.ActiveCfg = Release|Any CPU
		{20D0D6F5-A0C4-401D-A05F-2EE9D4563741}.Release|Any CPU.Build.0 = Release|Any CPU
		{90E401F2-0FD5-45DF-A8DD-A4DB99BDD811}.Debug|Any CPU.ActiveCfg = Debug|Any CPU
		{90E401F2-0FD5-45DF-A8DD-A4DB99BDD811}.Debug|Any CPU.Build.0 = Debug|Any CPU
		{90E401F2-0FD5-45DF-A8DD-A4DB99BDD811}.Release|Any CPU.ActiveCfg = Release|Any CPU
		{90E401F2-0FD5-45DF-A8DD-A4DB99BDD811}.Release|Any CPU.Build.0 = Release|Any CPU
		{E5F721C6-E63F-04EC-A1DD-C26D42DA0A71}.Debug|Any CPU.ActiveCfg = Debug|Any CPU
		{E5F721C6-E63F-04EC-A1DD-C26D42DA0A71}.Debug|Any CPU.Build.0 = Debug|Any CPU
		{E5F721C6-E63F-04EC-A1DD-C26D42DA0A71}.Release|Any CPU.ActiveCfg = Release|Any CPU
		{E5F721C6-E63F-04EC-A1DD-C26D42DA0A71}.Release|Any CPU.Build.0 = Release|Any CPU
		{45D6217D-D200-411B-995D-C7E6B9A8BD84}.Debug|Any CPU.ActiveCfg = Debug|Any CPU
		{45D6217D-D200-411B-995D-C7E6B9A8BD84}.Debug|Any CPU.Build.0 = Debug|Any CPU
		{45D6217D-D200-411B-995D-C7E6B9A8BD84}.Release|Any CPU.ActiveCfg = Release|Any CPU
		{45D6217D-D200-411B-995D-C7E6B9A8BD84}.Release|Any CPU.Build.0 = Release|Any CPU
		{18F5364D-8103-4ADD-A8CD-31713CE69EBE}.Debug|Any CPU.ActiveCfg = Debug|Any CPU
		{18F5364D-8103-4ADD-A8CD-31713CE69EBE}.Debug|Any CPU.Build.0 = Debug|Any CPU
		{18F5364D-8103-4ADD-A8CD-31713CE69EBE}.Release|Any CPU.ActiveCfg = Release|Any CPU
		{18F5364D-8103-4ADD-A8CD-31713CE69EBE}.Release|Any CPU.Build.0 = Release|Any CPU
	EndGlobalSection
	GlobalSection(SolutionProperties) = preSolution
		HideSolutionNode = FALSE
	EndGlobalSection
	GlobalSection(NestedProjects) = preSolution
		{9A5DA04B-E25A-4983-9A9A-F248A875297F} = {02EA681E-C7D8-13C7-8484-4AC65E1B71E8}
		{904C8383-A6DF-4635-8ECD-111F9D06A8F3} = {02EA681E-C7D8-13C7-8484-4AC65E1B71E8}
		{7FD131DA-4117-4D50-BF82-1A87D782F0B2} = {9A5DA04B-E25A-4983-9A9A-F248A875297F}
		{5A64A6CC-380F-44A8-A462-54624754C875} = {9A5DA04B-E25A-4983-9A9A-F248A875297F}
		{6B7CC984-AAEB-45D7-AA18-A9BAFFD04542} = {9A5DA04B-E25A-4983-9A9A-F248A875297F}
		{4A2FC398-32BF-491F-99F7-69213AD0E0CF} = {9A5DA04B-E25A-4983-9A9A-F248A875297F}
		{4F8DC114-2A08-41A2-A741-6B69FF6488E3} = {904C8383-A6DF-4635-8ECD-111F9D06A8F3}
		{59B154D9-6CE5-4CF8-BFFC-E724D8CCD152} = {904C8383-A6DF-4635-8ECD-111F9D06A8F3}
		{49F30793-64AB-49AF-BD43-9E770FEBC316} = {77DF2985-AD7D-4FD4-A76B-B348C79C03AE}
		{F7956EA5-8F6A-43C8-B4B7-3F16581CB356} = {77DF2985-AD7D-4FD4-A76B-B348C79C03AE}
		{20D0D6F5-A0C4-401D-A05F-2EE9D4563741} = {77DF2985-AD7D-4FD4-A76B-B348C79C03AE}
		{90E401F2-0FD5-45DF-A8DD-A4DB99BDD811} = {77DF2985-AD7D-4FD4-A76B-B348C79C03AE}
		{E5F721C6-E63F-04EC-A1DD-C26D42DA0A71} = {77DF2985-AD7D-4FD4-A76B-B348C79C03AE}
		{45D6217D-D200-411B-995D-C7E6B9A8BD84} = {9A5DA04B-E25A-4983-9A9A-F248A875297F}
		{18F5364D-8103-4ADD-A8CD-31713CE69EBE} = {949B6348-7E91-431D-8CF2-1EBB553C540F}
	EndGlobalSection
	GlobalSection(ExtensibilityGlobals) = postSolution
		SolutionGuid = {918FCF0C-B674-404A-A14C-8C92C2D434C5}
	EndGlobalSection
EndGlobal
